// !$*UTF8*$!
{
	archiveVersion = 1;
	classes = {
	};
	objectVersion = 56;
	objects = {

/* Begin PBXBuildFile section */
		CA2CFBF829CBF13400041C63 /* CameraPicker.swift in Sources */ = {isa = PBXBuildFile; fileRef = CA2CFBF729CBF13400041C63 /* CameraPicker.swift */; };
		CA2CFBFA29CBF1C000041C63 /* ImagePicker.swift in Sources */ = {isa = PBXBuildFile; fileRef = CA2CFBF929CBF1C000041C63 /* ImagePicker.swift */; };
		CA348D8C29C534AB00EA0E2F /* ProfileView.swift in Sources */ = {isa = PBXBuildFile; fileRef = CA348D8B29C534AB00EA0E2F /* ProfileView.swift */; };
		CA348D8E29C534C500EA0E2F /* GridPhotoView.swift in Sources */ = {isa = PBXBuildFile; fileRef = CA348D8D29C534C500EA0E2F /* GridPhotoView.swift */; };
		CA348D9029C534D600EA0E2F /* PhotoList.swift in Sources */ = {isa = PBXBuildFile; fileRef = CA348D8F29C534D600EA0E2F /* PhotoList.swift */; };
		CA348D9229C534E800EA0E2F /* PhotoRow.swift in Sources */ = {isa = PBXBuildFile; fileRef = CA348D9129C534E800EA0E2F /* PhotoRow.swift */; };
		CA348D9429C534F300EA0E2F /* SquareImage.swift in Sources */ = {isa = PBXBuildFile; fileRef = CA348D9329C534F300EA0E2F /* SquareImage.swift */; };
		CA348D9629C5351300EA0E2F /* Post.swift in Sources */ = {isa = PBXBuildFile; fileRef = CA348D9529C5351300EA0E2F /* Post.swift */; };
		CA348D9829C5351C00EA0E2F /* User.swift in Sources */ = {isa = PBXBuildFile; fileRef = CA348D9729C5351C00EA0E2F /* User.swift */; };
		CA348D9A29C5352400EA0E2F /* PublicPosts.swift in Sources */ = {isa = PBXBuildFile; fileRef = CA348D9929C5352400EA0E2F /* PublicPosts.swift */; };
		CA348DA029C646C000EA0E2F /* SolarGramPostsViewModel.swift in Sources */ = {isa = PBXBuildFile; fileRef = CA348D9F29C646C000EA0E2F /* SolarGramPostsViewModel.swift */; };
		CAD1EFF729ADC0EA00D4B693 /* SolarGramApp.swift in Sources */ = {isa = PBXBuildFile; fileRef = CAD1EFF629ADC0EA00D4B693 /* SolarGramApp.swift */; };
		CAD1EFF929ADC0EA00D4B693 /* ContentView.swift in Sources */ = {isa = PBXBuildFile; fileRef = CAD1EFF829ADC0EA00D4B693 /* ContentView.swift */; };
		CAD1EFFB29ADC0EB00D4B693 /* Assets.xcassets in Resources */ = {isa = PBXBuildFile; fileRef = CAD1EFFA29ADC0EB00D4B693 /* Assets.xcassets */; };
		CAD1EFFF29ADC0EB00D4B693 /* Preview Assets.xcassets in Resources */ = {isa = PBXBuildFile; fileRef = CAD1EFFE29ADC0EB00D4B693 /* Preview Assets.xcassets */; };
/* End PBXBuildFile section */

/* Begin PBXFileReference section */
		CA2CFBF729CBF13400041C63 /* CameraPicker.swift */ = {isa = PBXFileReference; lastKnownFileType = sourcecode.swift; path = CameraPicker.swift; sourceTree = "<group>"; };
		CA2CFBF929CBF1C000041C63 /* ImagePicker.swift */ = {isa = PBXFileReference; lastKnownFileType = sourcecode.swift; path = ImagePicker.swift; sourceTree = "<group>"; };
		CA348D8B29C534AB00EA0E2F /* ProfileView.swift */ = {isa = PBXFileReference; lastKnownFileType = sourcecode.swift; path = ProfileView.swift; sourceTree = "<group>"; };
		CA348D8D29C534C500EA0E2F /* GridPhotoView.swift */ = {isa = PBXFileReference; lastKnownFileType = sourcecode.swift; path = GridPhotoView.swift; sourceTree = "<group>"; };
		CA348D8F29C534D600EA0E2F /* PhotoList.swift */ = {isa = PBXFileReference; lastKnownFileType = sourcecode.swift; path = PhotoList.swift; sourceTree = "<group>"; };
		CA348D9129C534E800EA0E2F /* PhotoRow.swift */ = {isa = PBXFileReference; lastKnownFileType = sourcecode.swift; path = PhotoRow.swift; sourceTree = "<group>"; };
		CA348D9329C534F300EA0E2F /* SquareImage.swift */ = {isa = PBXFileReference; lastKnownFileType = sourcecode.swift; path = SquareImage.swift; sourceTree = "<group>"; };
		CA348D9529C5351300EA0E2F /* Post.swift */ = {isa = PBXFileReference; lastKnownFileType = sourcecode.swift; path = Post.swift; sourceTree = "<group>"; };
		CA348D9729C5351C00EA0E2F /* User.swift */ = {isa = PBXFileReference; lastKnownFileType = sourcecode.swift; path = User.swift; sourceTree = "<group>"; };
		CA348D9929C5352400EA0E2F /* PublicPosts.swift */ = {isa = PBXFileReference; lastKnownFileType = sourcecode.swift; path = PublicPosts.swift; sourceTree = "<group>"; };
		CA348D9F29C646C000EA0E2F /* SolarGramPostsViewModel.swift */ = {isa = PBXFileReference; lastKnownFileType = sourcecode.swift; path = SolarGramPostsViewModel.swift; sourceTree = "<group>"; };
		CAD1EFF329ADC0EA00D4B693 /* SolarGram.app */ = {isa = PBXFileReference; explicitFileType = wrapper.application; includeInIndex = 0; path = SolarGram.app; sourceTree = BUILT_PRODUCTS_DIR; };
		CAD1EFF629ADC0EA00D4B693 /* SolarGramApp.swift */ = {isa = PBXFileReference; lastKnownFileType = sourcecode.swift; path = SolarGramApp.swift; sourceTree = "<group>"; };
		CAD1EFF829ADC0EA00D4B693 /* ContentView.swift */ = {isa = PBXFileReference; lastKnownFileType = sourcecode.swift; path = ContentView.swift; sourceTree = "<group>"; };
		CAD1EFFA29ADC0EB00D4B693 /* Assets.xcassets */ = {isa = PBXFileReference; lastKnownFileType = folder.assetcatalog; path = Assets.xcassets; sourceTree = "<group>"; };
		CAD1EFFC29ADC0EB00D4B693 /* SolarGram.entitlements */ = {isa = PBXFileReference; lastKnownFileType = text.plist.entitlements; path = SolarGram.entitlements; sourceTree = "<group>"; };
		CAD1EFFE29ADC0EB00D4B693 /* Preview Assets.xcassets */ = {isa = PBXFileReference; lastKnownFileType = folder.assetcatalog; path = "Preview Assets.xcassets"; sourceTree = "<group>"; };
/* End PBXFileReference section */

/* Begin PBXFrameworksBuildPhase section */
		CAD1EFF029ADC0EA00D4B693 /* Frameworks */ = {
			isa = PBXFrameworksBuildPhase;
			buildActionMask = 2147483647;
			files = (
			);
			runOnlyForDeploymentPostprocessing = 0;
		};
/* End PBXFrameworksBuildPhase section */

/* Begin PBXGroup section */
		CA348D9B29C645F600EA0E2F /* Model */ = {
			isa = PBXGroup;
			children = (
				CA348D9529C5351300EA0E2F /* Post.swift */,
				CA348D9729C5351C00EA0E2F /* User.swift */,
				CA348D9929C5352400EA0E2F /* PublicPosts.swift */,
			);
			path = Model;
			sourceTree = "<group>";
		};
		CA348D9C29C6462700EA0E2F /* View */ = {
			isa = PBXGroup;
			children = (
				CAD1EFF829ADC0EA00D4B693 /* ContentView.swift */,
				CA348D8B29C534AB00EA0E2F /* ProfileView.swift */,
				CA348D8D29C534C500EA0E2F /* GridPhotoView.swift */,
				CA348D9D29C6464100EA0E2F /* Helpers */,
				CA2CFBF729CBF13400041C63 /* CameraPicker.swift */,
				CA2CFBF929CBF1C000041C63 /* ImagePicker.swift */,
			);
			path = View;
			sourceTree = "<group>";
		};
		CA348D9D29C6464100EA0E2F /* Helpers */ = {
			isa = PBXGroup;
			children = (
				CA348D8F29C534D600EA0E2F /* PhotoList.swift */,
				CA348D9129C534E800EA0E2F /* PhotoRow.swift */,
				CA348D9329C534F300EA0E2F /* SquareImage.swift */,
			);
			path = Helpers;
			sourceTree = "<group>";
		};
		CA348D9E29C6469800EA0E2F /* View Model */ = {
			isa = PBXGroup;
			children = (
				CA348D9F29C646C000EA0E2F /* SolarGramPostsViewModel.swift */,
			);
			path = "View Model";
			sourceTree = "<group>";
		};
		CAD1EFEA29ADC0EA00D4B693 = {
			isa = PBXGroup;
			children = (
				CAD1EFF529ADC0EA00D4B693 /* SolarGram */,
				CAD1EFF429ADC0EA00D4B693 /* Products */,
			);
			sourceTree = "<group>";
		};
		CAD1EFF429ADC0EA00D4B693 /* Products */ = {
			isa = PBXGroup;
			children = (
				CAD1EFF329ADC0EA00D4B693 /* SolarGram.app */,
			);
			name = Products;
			sourceTree = "<group>";
		};
		CAD1EFF529ADC0EA00D4B693 /* SolarGram */ = {
			isa = PBXGroup;
			children = (
				CAD1EFF629ADC0EA00D4B693 /* SolarGramApp.swift */,
				CA348D9C29C6462700EA0E2F /* View */,
				CA348D9E29C6469800EA0E2F /* View Model */,
				CA348D9B29C645F600EA0E2F /* Model */,
				CAD1EFFA29ADC0EB00D4B693 /* Assets.xcassets */,
				CAD1EFFC29ADC0EB00D4B693 /* SolarGram.entitlements */,
				CAD1EFFD29ADC0EB00D4B693 /* Preview Content */,
			);
			path = SolarGram;
			sourceTree = "<group>";
		};
		CAD1EFFD29ADC0EB00D4B693 /* Preview Content */ = {
			isa = PBXGroup;
			children = (
				CAD1EFFE29ADC0EB00D4B693 /* Preview Assets.xcassets */,
			);
			path = "Preview Content";
			sourceTree = "<group>";
		};
/* End PBXGroup section */

/* Begin PBXNativeTarget section */
		CAD1EFF229ADC0EA00D4B693 /* SolarGram */ = {
			isa = PBXNativeTarget;
			buildConfigurationList = CAD1F00229ADC0EB00D4B693 /* Build configuration list for PBXNativeTarget "SolarGram" */;
			buildPhases = (
				CAD1EFEF29ADC0EA00D4B693 /* Sources */,
				CAD1EFF029ADC0EA00D4B693 /* Frameworks */,
				CAD1EFF129ADC0EA00D4B693 /* Resources */,
			);
			buildRules = (
			);
			dependencies = (
			);
			name = SolarGram;
			productName = SolarGram;
			productReference = CAD1EFF329ADC0EA00D4B693 /* SolarGram.app */;
			productType = "com.apple.product-type.application";
		};
/* End PBXNativeTarget section */

/* Begin PBXProject section */
		CAD1EFEB29ADC0EA00D4B693 /* Project object */ = {
			isa = PBXProject;
			attributes = {
				BuildIndependentTargetsInParallel = 1;
				LastSwiftUpdateCheck = 1420;
				LastUpgradeCheck = 1420;
				TargetAttributes = {
					CAD1EFF229ADC0EA00D4B693 = {
						CreatedOnToolsVersion = 14.2;
					};
				};
			};
			buildConfigurationList = CAD1EFEE29ADC0EA00D4B693 /* Build configuration list for PBXProject "SolarGram" */;
			compatibilityVersion = "Xcode 14.0";
			developmentRegion = en;
			hasScannedForEncodings = 0;
			knownRegions = (
				en,
				Base,
			);
			mainGroup = CAD1EFEA29ADC0EA00D4B693;
			productRefGroup = CAD1EFF429ADC0EA00D4B693 /* Products */;
			projectDirPath = "";
			projectRoot = "";
			targets = (
				CAD1EFF229ADC0EA00D4B693 /* SolarGram */,
			);
		};
/* End PBXProject section */

/* Begin PBXResourcesBuildPhase section */
		CAD1EFF129ADC0EA00D4B693 /* Resources */ = {
			isa = PBXResourcesBuildPhase;
			buildActionMask = 2147483647;
			files = (
				CAD1EFFF29ADC0EB00D4B693 /* Preview Assets.xcassets in Resources */,
				CAD1EFFB29ADC0EB00D4B693 /* Assets.xcassets in Resources */,
			);
			runOnlyForDeploymentPostprocessing = 0;
		};
/* End PBXResourcesBuildPhase section */

/* Begin PBXSourcesBuildPhase section */
		CAD1EFEF29ADC0EA00D4B693 /* Sources */ = {
			isa = PBXSourcesBuildPhase;
			buildActionMask = 2147483647;
			files = (
				CA2CFBFA29CBF1C000041C63 /* ImagePicker.swift in Sources */,
				CA348D9429C534F300EA0E2F /* SquareImage.swift in Sources */,
				CAD1EFF929ADC0EA00D4B693 /* ContentView.swift in Sources */,
				CA348D9029C534D600EA0E2F /* PhotoList.swift in Sources */,
				CA348D9629C5351300EA0E2F /* Post.swift in Sources */,
				CA2CFBF829CBF13400041C63 /* CameraPicker.swift in Sources */,
				CA348D9A29C5352400EA0E2F /* PublicPosts.swift in Sources */,
				CA348D8E29C534C500EA0E2F /* GridPhotoView.swift in Sources */,
				CA348DA029C646C000EA0E2F /* SolarGramPostsViewModel.swift in Sources */,
				CA348D9829C5351C00EA0E2F /* User.swift in Sources */,
				CA348D9229C534E800EA0E2F /* PhotoRow.swift in Sources */,
				CA348D8C29C534AB00EA0E2F /* ProfileView.swift in Sources */,
				CAD1EFF729ADC0EA00D4B693 /* SolarGramApp.swift in Sources */,
			);
			runOnlyForDeploymentPostprocessing = 0;
		};
/* End PBXSourcesBuildPhase section */

/* Begin XCBuildConfiguration section */
		CAD1F00029ADC0EB00D4B693 /* Debug */ = {
			isa = XCBuildConfiguration;
			buildSettings = {
				ALWAYS_SEARCH_USER_PATHS = NO;
				CLANG_ANALYZER_NONNULL = YES;
				CLANG_ANALYZER_NUMBER_OBJECT_CONVERSION = YES_AGGRESSIVE;
				CLANG_CXX_LANGUAGE_STANDARD = "gnu++20";
				CLANG_ENABLE_MODULES = YES;
				CLANG_ENABLE_OBJC_ARC = YES;
				CLANG_ENABLE_OBJC_WEAK = YES;
				CLANG_WARN_BLOCK_CAPTURE_AUTORELEASING = YES;
				CLANG_WARN_BOOL_CONVERSION = YES;
				CLANG_WARN_COMMA = YES;
				CLANG_WARN_CONSTANT_CONVERSION = YES;
				CLANG_WARN_DEPRECATED_OBJC_IMPLEMENTATIONS = YES;
				CLANG_WARN_DIRECT_OBJC_ISA_USAGE = YES_ERROR;
				CLANG_WARN_DOCUMENTATION_COMMENTS = YES;
				CLANG_WARN_EMPTY_BODY = YES;
				CLANG_WARN_ENUM_CONVERSION = YES;
				CLANG_WARN_INFINITE_RECURSION = YES;
				CLANG_WARN_INT_CONVERSION = YES;
				CLANG_WARN_NON_LITERAL_NULL_CONVERSION = YES;
				CLANG_WARN_OBJC_IMPLICIT_RETAIN_SELF = YES;
				CLANG_WARN_OBJC_LITERAL_CONVERSION = YES;
				CLANG_WARN_OBJC_ROOT_CLASS = YES_ERROR;
				CLANG_WARN_QUOTED_INCLUDE_IN_FRAMEWORK_HEADER = YES;
				CLANG_WARN_RANGE_LOOP_ANALYSIS = YES;
				CLANG_WARN_STRICT_PROTOTYPES = YES;
				CLANG_WARN_SUSPICIOUS_MOVE = YES;
				CLANG_WARN_UNGUARDED_AVAILABILITY = YES_AGGRESSIVE;
				CLANG_WARN_UNREACHABLE_CODE = YES;
				CLANG_WARN__DUPLICATE_METHOD_MATCH = YES;
				COPY_PHASE_STRIP = NO;
				DEBUG_INFORMATION_FORMAT = dwarf;
				ENABLE_STRICT_OBJC_MSGSEND = YES;
				ENABLE_TESTABILITY = YES;
				GCC_C_LANGUAGE_STANDARD = gnu11;
				GCC_DYNAMIC_NO_PIC = NO;
				GCC_NO_COMMON_BLOCKS = YES;
				GCC_OPTIMIZATION_LEVEL = 0;
				GCC_PREPROCESSOR_DEFINITIONS = (
					"DEBUG=1",
					"$(inherited)",
				);
				GCC_WARN_64_TO_32_BIT_CONVERSION = YES;
				GCC_WARN_ABOUT_RETURN_TYPE = YES_ERROR;
				GCC_WARN_UNDECLARED_SELECTOR = YES;
				GCC_WARN_UNINITIALIZED_AUTOS = YES_AGGRESSIVE;
				GCC_WARN_UNUSED_FUNCTION = YES;
				GCC_WARN_UNUSED_VARIABLE = YES;
				MTL_ENABLE_DEBUG_INFO = INCLUDE_SOURCE;
				MTL_FAST_MATH = YES;
				ONLY_ACTIVE_ARCH = YES;
				SWIFT_ACTIVE_COMPILATION_CONDITIONS = DEBUG;
				SWIFT_OPTIMIZATION_LEVEL = "-Onone";
			};
			name = Debug;
		};
		CAD1F00129ADC0EB00D4B693 /* Release */ = {
			isa = XCBuildConfiguration;
			buildSettings = {
				ALWAYS_SEARCH_USER_PATHS = NO;
				CLANG_ANALYZER_NONNULL = YES;
				CLANG_ANALYZER_NUMBER_OBJECT_CONVERSION = YES_AGGRESSIVE;
				CLANG_CXX_LANGUAGE_STANDARD = "gnu++20";
				CLANG_ENABLE_MODULES = YES;
				CLANG_ENABLE_OBJC_ARC = YES;
				CLANG_ENABLE_OBJC_WEAK = YES;
				CLANG_WARN_BLOCK_CAPTURE_AUTORELEASING = YES;
				CLANG_WARN_BOOL_CONVERSION = YES;
				CLANG_WARN_COMMA = YES;
				CLANG_WARN_CONSTANT_CONVERSION = YES;
				CLANG_WARN_DEPRECATED_OBJC_IMPLEMENTATIONS = YES;
				CLANG_WARN_DIRECT_OBJC_ISA_USAGE = YES_ERROR;
				CLANG_WARN_DOCUMENTATION_COMMENTS = YES;
				CLANG_WARN_EMPTY_BODY = YES;
				CLANG_WARN_ENUM_CONVERSION = YES;
				CLANG_WARN_INFINITE_RECURSION = YES;
				CLANG_WARN_INT_CONVERSION = YES;
				CLANG_WARN_NON_LITERAL_NULL_CONVERSION = YES;
				CLANG_WARN_OBJC_IMPLICIT_RETAIN_SELF = YES;
				CLANG_WARN_OBJC_LITERAL_CONVERSION = YES;
				CLANG_WARN_OBJC_ROOT_CLASS = YES_ERROR;
				CLANG_WARN_QUOTED_INCLUDE_IN_FRAMEWORK_HEADER = YES;
				CLANG_WARN_RANGE_LOOP_ANALYSIS = YES;
				CLANG_WARN_STRICT_PROTOTYPES = YES;
				CLANG_WARN_SUSPICIOUS_MOVE = YES;
				CLANG_WARN_UNGUARDED_AVAILABILITY = YES_AGGRESSIVE;
				CLANG_WARN_UNREACHABLE_CODE = YES;
				CLANG_WARN__DUPLICATE_METHOD_MATCH = YES;
				COPY_PHASE_STRIP = NO;
				DEBUG_INFORMATION_FORMAT = "dwarf-with-dsym";
				ENABLE_NS_ASSERTIONS = NO;
				ENABLE_STRICT_OBJC_MSGSEND = YES;
				GCC_C_LANGUAGE_STANDARD = gnu11;
				GCC_NO_COMMON_BLOCKS = YES;
				GCC_WARN_64_TO_32_BIT_CONVERSION = YES;
				GCC_WARN_ABOUT_RETURN_TYPE = YES_ERROR;
				GCC_WARN_UNDECLARED_SELECTOR = YES;
				GCC_WARN_UNINITIALIZED_AUTOS = YES_AGGRESSIVE;
				GCC_WARN_UNUSED_FUNCTION = YES;
				GCC_WARN_UNUSED_VARIABLE = YES;
				MTL_ENABLE_DEBUG_INFO = NO;
				MTL_FAST_MATH = YES;
				SWIFT_COMPILATION_MODE = wholemodule;
				SWIFT_OPTIMIZATION_LEVEL = "-O";
			};
			name = Release;
		};
		CAD1F00329ADC0EB00D4B693 /* Debug */ = {
			isa = XCBuildConfiguration;
			buildSettings = {
				ASSETCATALOG_COMPILER_APPICON_NAME = AppIcon;
				ASSETCATALOG_COMPILER_GLOBAL_ACCENT_COLOR_NAME = AccentColor;
				CODE_SIGN_ENTITLEMENTS = SolarGram/SolarGram.entitlements;
				CODE_SIGN_STYLE = Automatic;
				CURRENT_PROJECT_VERSION = 1;
				DEVELOPMENT_ASSET_PATHS = "\"SolarGram/Preview Content\"";
				DEVELOPMENT_TEAM = 7FF398RFF7;
				ENABLE_HARDENED_RUNTIME = YES;
				ENABLE_PREVIEWS = YES;
				GENERATE_INFOPLIST_FILE = YES;
				INFOPLIST_KEY_NSCameraUsageDescription = "Need Camera access to upload";
				INFOPLIST_KEY_NSPhotoLibraryUsageDescription = "Need Library Usage";
				"INFOPLIST_KEY_UIApplicationSceneManifest_Generation[sdk=iphoneos*]" = YES;
				"INFOPLIST_KEY_UIApplicationSceneManifest_Generation[sdk=iphonesimulator*]" = YES;
				"INFOPLIST_KEY_UIApplicationSupportsIndirectInputEvents[sdk=iphoneos*]" = YES;
				"INFOPLIST_KEY_UIApplicationSupportsIndirectInputEvents[sdk=iphonesimulator*]" = YES;
				"INFOPLIST_KEY_UILaunchScreen_Generation[sdk=iphoneos*]" = YES;
				"INFOPLIST_KEY_UILaunchScreen_Generation[sdk=iphonesimulator*]" = YES;
				"INFOPLIST_KEY_UIStatusBarStyle[sdk=iphoneos*]" = UIStatusBarStyleDefault;
				"INFOPLIST_KEY_UIStatusBarStyle[sdk=iphonesimulator*]" = UIStatusBarStyleDefault;
				INFOPLIST_KEY_UISupportedInterfaceOrientations_iPad = "UIInterfaceOrientationPortrait UIInterfaceOrientationPortraitUpsideDown UIInterfaceOrientationLandscapeLeft UIInterfaceOrientationLandscapeRight";
				INFOPLIST_KEY_UISupportedInterfaceOrientations_iPhone = "UIInterfaceOrientationPortrait UIInterfaceOrientationLandscapeLeft UIInterfaceOrientationLandscapeRight";
				IPHONEOS_DEPLOYMENT_TARGET = 15.4;
				LD_RUNPATH_SEARCH_PATHS = "@executable_path/Frameworks";
				"LD_RUNPATH_SEARCH_PATHS[sdk=macosx*]" = "@executable_path/../Frameworks";
				MACOSX_DEPLOYMENT_TARGET = 13.1;
				MARKETING_VERSION = 1.0;
				PRODUCT_BUNDLE_IDENTIFIER = com.edwardfu.SolarGram;
				PRODUCT_NAME = "$(TARGET_NAME)";
				SDKROOT = auto;
				SUPPORTED_PLATFORMS = "iphoneos iphonesimulator macosx";
				SWIFT_EMIT_LOC_STRINGS = YES;
				SWIFT_VERSION = 5.0;
				TARGETED_DEVICE_FAMILY = "1,2";
			};
			name = Debug;
		};
		CAD1F00429ADC0EB00D4B693 /* Release */ = {
			isa = XCBuildConfiguration;
			buildSettings = {
				ASSETCATALOG_COMPILER_APPICON_NAME = AppIcon;
				ASSETCATALOG_COMPILER_GLOBAL_ACCENT_COLOR_NAME = AccentColor;
				CODE_SIGN_ENTITLEMENTS = SolarGram/SolarGram.entitlements;
				CODE_SIGN_STYLE = Automatic;
				CURRENT_PROJECT_VERSION = 1;
				DEVELOPMENT_ASSET_PATHS = "\"SolarGram/Preview Content\"";
				DEVELOPMENT_TEAM = 7FF398RFF7;
				ENABLE_HARDENED_RUNTIME = YES;
				ENABLE_PREVIEWS = YES;
				GENERATE_INFOPLIST_FILE = YES;
				INFOPLIST_KEY_NSCameraUsageDescription = "Need Camera access to upload";
				INFOPLIST_KEY_NSPhotoLibraryUsageDescription = "Need Library Usage";
				"INFOPLIST_KEY_UIApplicationSceneManifest_Generation[sdk=iphoneos*]" = YES;
				"INFOPLIST_KEY_UIApplicationSceneManifest_Generation[sdk=iphonesimulator*]" = YES;
				"INFOPLIST_KEY_UIApplicationSupportsIndirectInputEvents[sdk=iphoneos*]" = YES;
				"INFOPLIST_KEY_UIApplicationSupportsIndirectInputEvents[sdk=iphonesimulator*]" = YES;
				"INFOPLIST_KEY_UILaunchScreen_Generation[sdk=iphoneos*]" = YES;
				"INFOPLIST_KEY_UILaunchScreen_Generation[sdk=iphonesimulator*]" = YES;
				"INFOPLIST_KEY_UIStatusBarStyle[sdk=iphoneos*]" = UIStatusBarStyleDefault;
				"INFOPLIST_KEY_UIStatusBarStyle[sdk=iphonesimulator*]" = UIStatusBarStyleDefault;
				INFOPLIST_KEY_UISupportedInterfaceOrientations_iPad = "UIInterfaceOrientationPortrait UIInterfaceOrientationPortraitUpsideDown UIInterfaceOrientationLandscapeLeft UIInterfaceOrientationLandscapeRight";
				INFOPLIST_KEY_UISupportedInterfaceOrientations_iPhone = "UIInterfaceOrientationPortrait UIInterfaceOrientationLandscapeLeft UIInterfaceOrientationLandscapeRight";
				IPHONEOS_DEPLOYMENT_TARGET = 15.4;
				LD_RUNPATH_SEARCH_PATHS = "@executable_path/Frameworks";
				"LD_RUNPATH_SEARCH_PATHS[sdk=macosx*]" = "@executable_path/../Frameworks";
				MACOSX_DEPLOYMENT_TARGET = 13.1;
				MARKETING_VERSION = 1.0;
				PRODUCT_BUNDLE_IDENTIFIER = com.edwardfu.SolarGram;
				PRODUCT_NAME = "$(TARGET_NAME)";
				SDKROOT = auto;
				SUPPORTED_PLATFORMS = "iphoneos iphonesimulator macosx";
				SWIFT_EMIT_LOC_STRINGS = YES;
				SWIFT_VERSION = 5.0;
				TARGETED_DEVICE_FAMILY = "1,2";
			};
			name = Release;
		};
/* End XCBuildConfiguration section */

/* Begin XCConfigurationList section */
		CAD1EFEE29ADC0EA00D4B693 /* Build configuration list for PBXProject "SolarGram" */ = {
			isa = XCConfigurationList;
			buildConfigurations = (
				CAD1F00029ADC0EB00D4B693 /* Debug */,
				CAD1F00129ADC0EB00D4B693 /* Release */,
			);
			defaultConfigurationIsVisible = 0;
			defaultConfigurationName = Release;
		};
		CAD1F00229ADC0EB00D4B693 /* Build configuration list for PBXNativeTarget "SolarGram" */ = {
			isa = XCConfigurationList;
			buildConfigurations = (
				CAD1F00329ADC0EB00D4B693 /* Debug */,
				CAD1F00429ADC0EB00D4B693 /* Release */,
			);
			defaultConfigurationIsVisible = 0;
			defaultConfigurationName = Release;
		};
/* End XCConfigurationList section */
	};
	rootObject = CAD1EFEB29ADC0EA00D4B693 /* Project object */;
}
